// !$*UTF8*$!
{
	archiveVersion = 1;
	classes = {
	};
	objectVersion = 50;
	objects = {

/* Begin PBXBuildFile section */
		DD02674120FE9AA5004D5125 /* ChosenCandidateViewController.swift in Sources */ = {isa = PBXBuildFile; fileRef = DD02674020FE9AA5004D5125 /* ChosenCandidateViewController.swift */; };
		DD02674420FFDD5B004D5125 /* SuccessfulVoteViewController.swift in Sources */ = {isa = PBXBuildFile; fileRef = DD02674320FFDD5B004D5125 /* SuccessfulVoteViewController.swift */; };
		DD02674621016FEF004D5125 /* Extensions.swift in Sources */ = {isa = PBXBuildFile; fileRef = DD02674521016FEF004D5125 /* Extensions.swift */; };
		DD0C725F20A75E23009F82EB /* LabelStyles.swift in Sources */ = {isa = PBXBuildFile; fileRef = DD0C725E20A75E23009F82EB /* LabelStyles.swift */; };
		DD0C726120A75E4F009F82EB /* FontStyles.swift in Sources */ = {isa = PBXBuildFile; fileRef = DD0C726020A75E4F009F82EB /* FontStyles.swift */; };
		DD3BC7C8212F55F200DB0DF0 /* FifthQuizViewController.swift in Sources */ = {isa = PBXBuildFile; fileRef = DD3BC7C7212F55F100DB0DF0 /* FifthQuizViewController.swift */; };
		DD3BC7CA212F567D00DB0DF0 /* FifthQuizTableCell.swift in Sources */ = {isa = PBXBuildFile; fileRef = DD3BC7C9212F567D00DB0DF0 /* FifthQuizTableCell.swift */; };
		DD3BC7CC212F581500DB0DF0 /* SixthQuizTableCell.swift in Sources */ = {isa = PBXBuildFile; fileRef = DD3BC7CB212F581500DB0DF0 /* SixthQuizTableCell.swift */; };
		DD3BC7CE212F582E00DB0DF0 /* SixthQuizViewController.swift in Sources */ = {isa = PBXBuildFile; fileRef = DD3BC7CD212F582E00DB0DF0 /* SixthQuizViewController.swift */; };
		DD3BC7D0212F59C700DB0DF0 /* SeventhQuizViewController.swift in Sources */ = {isa = PBXBuildFile; fileRef = DD3BC7CF212F59C700DB0DF0 /* SeventhQuizViewController.swift */; };
		DD3BC7D2212F5B1400DB0DF0 /* SeventhQuizCollectionCell.swift in Sources */ = {isa = PBXBuildFile; fileRef = DD3BC7D1212F5B1400DB0DF0 /* SeventhQuizCollectionCell.swift */; };
		DD3D028B2126283A002C2FE2 /* FirstQuizViewController.swift in Sources */ = {isa = PBXBuildFile; fileRef = DD3D028A2126283A002C2FE2 /* FirstQuizViewController.swift */; };
		DD40A4862125238400C135B2 /* ConfirmPassViewController.swift in Sources */ = {isa = PBXBuildFile; fileRef = DD40A4852125238400C135B2 /* ConfirmPassViewController.swift */; };
		DD40A4892125279600C135B2 /* NameViewController.swift in Sources */ = {isa = PBXBuildFile; fileRef = DD40A4882125279600C135B2 /* NameViewController.swift */; };
		DD66ECE1212614FF00BA8C99 /* QuizViewController.swift in Sources */ = {isa = PBXBuildFile; fileRef = DD66ECE0212614FF00BA8C99 /* QuizViewController.swift */; };
		DD7BA1832105142900AA748D /* OnboardingController.swift in Sources */ = {isa = PBXBuildFile; fileRef = DD7BA1822105142900AA748D /* OnboardingController.swift */; };
		DD7BA185210514F000AA748D /* TutorialViewController.swift in Sources */ = {isa = PBXBuildFile; fileRef = DD7BA184210514F000AA748D /* TutorialViewController.swift */; };
		DD9C8C0F20F5839D00E5579D /* PrivateKeyViewController.swift in Sources */ = {isa = PBXBuildFile; fileRef = DD9C8C0E20F5839D00E5579D /* PrivateKeyViewController.swift */; };
		DDB6FB0620A54DB300BFA276 /* BaseViewController.swift in Sources */ = {isa = PBXBuildFile; fileRef = DDB6FB0520A54DB300BFA276 /* BaseViewController.swift */; };
		DDB87E6120E45AC3004207A3 /* User.swift in Sources */ = {isa = PBXBuildFile; fileRef = DDB87E6020E45AC3004207A3 /* User.swift */; };
		DDB87E6320E45BF3004207A3 /* Candidate.swift in Sources */ = {isa = PBXBuildFile; fileRef = DDB87E6220E45BF3004207A3 /* Candidate.swift */; };
		DDB87E6920E465D3004207A3 /* PasswordViewController.swift in Sources */ = {isa = PBXBuildFile; fileRef = DDB87E6820E465D3004207A3 /* PasswordViewController.swift */; };
		DDB899A72133220F00578295 /* VoteTabBarController.swift in Sources */ = {isa = PBXBuildFile; fileRef = DDB899A62133220F00578295 /* VoteTabBarController.swift */; };
		DDC7D03F212D09060060D18A /* SecondQuizViewController.swift in Sources */ = {isa = PBXBuildFile; fileRef = DDC7D03E212D09060060D18A /* SecondQuizViewController.swift */; };
		DDC7D041212D0A4D0060D18A /* SecondQuizTableCell.swift in Sources */ = {isa = PBXBuildFile; fileRef = DDC7D040212D0A4D0060D18A /* SecondQuizTableCell.swift */; };
		DDC7D043212D0EC40060D18A /* ThirdQuizViewController.swift in Sources */ = {isa = PBXBuildFile; fileRef = DDC7D042212D0EC40060D18A /* ThirdQuizViewController.swift */; };
		DDC7D045212D10160060D18A /* FourthQuizViewController.swift in Sources */ = {isa = PBXBuildFile; fileRef = DDC7D044212D10160060D18A /* FourthQuizViewController.swift */; };
		DDD8718620F81383005D556D /* CandidatesViewController.swift in Sources */ = {isa = PBXBuildFile; fileRef = DDD8718520F81383005D556D /* CandidatesViewController.swift */; };
		DDD8718820F81411005D556D /* CandidatesTableCell.swift in Sources */ = {isa = PBXBuildFile; fileRef = DDD8718720F81411005D556D /* CandidatesTableCell.swift */; };
		DDD9EE7A212F5D3100EDD433 /* BaseCollectionViewCell.swift in Sources */ = {isa = PBXBuildFile; fileRef = DDD9EE79212F5D3100EDD433 /* BaseCollectionViewCell.swift */; };
		DDD9EE7C213199F800EDD433 /* ninthQuizViewController.swift in Sources */ = {isa = PBXBuildFile; fileRef = DDD9EE7B213199F800EDD433 /* ninthQuizViewController.swift */; };
		DDD9EE7E21319A2000EDD433 /* tenthQuizViewController.swift in Sources */ = {isa = PBXBuildFile; fileRef = DDD9EE7D21319A2000EDD433 /* tenthQuizViewController.swift */; };
		DDD9EE8021319A3F00EDD433 /* ninthQuizTableCell.swift in Sources */ = {isa = PBXBuildFile; fileRef = DDD9EE7F21319A3F00EDD433 /* ninthQuizTableCell.swift */; };
		DDD9EE8221319A6300EDD433 /* TenthQuizTableCell.swift in Sources */ = {isa = PBXBuildFile; fileRef = DDD9EE8121319A6300EDD433 /* TenthQuizTableCell.swift */; };
		DDD9EE8521319CDB00EDD433 /* HomeViewController.swift in Sources */ = {isa = PBXBuildFile; fileRef = DDD9EE8421319CDB00EDD433 /* HomeViewController.swift */; };
		DDD9EE882131A37A00EDD433 /* NumberCandidateViewController.swift in Sources */ = {isa = PBXBuildFile; fileRef = DDD9EE872131A37A00EDD433 /* NumberCandidateViewController.swift */; };
		DDE903E420A549BE00EE3A54 /* AppDelegate.swift in Sources */ = {isa = PBXBuildFile; fileRef = DDE903E320A549BE00EE3A54 /* AppDelegate.swift */; };
		DDE903E620A549BE00EE3A54 /* CpfViewController.swift in Sources */ = {isa = PBXBuildFile; fileRef = DDE903E520A549BE00EE3A54 /* CpfViewController.swift */; };
		DDE903E920A549BE00EE3A54 /* Main.storyboard in Resources */ = {isa = PBXBuildFile; fileRef = DDE903E720A549BE00EE3A54 /* Main.storyboard */; };
		DDE903EB20A549C000EE3A54 /* Assets.xcassets in Resources */ = {isa = PBXBuildFile; fileRef = DDE903EA20A549C000EE3A54 /* Assets.xcassets */; };
		DDE903EE20A549C000EE3A54 /* LaunchScreen.storyboard in Resources */ = {isa = PBXBuildFile; fileRef = DDE903EC20A549C000EE3A54 /* LaunchScreen.storyboard */; };
		DDEE2AD1210E0E2200CF85A5 /* BaseTableViewCell.swift in Sources */ = {isa = PBXBuildFile; fileRef = DDEE2AD0210E0E2200CF85A5 /* BaseTableViewCell.swift */; };
		EA8C1FFF8FBA9DB8AD39B3B8 /* Pods_vote_system_blockchain.framework in Frameworks */ = {isa = PBXBuildFile; fileRef = A9C0245214A3C12EAC691FD8 /* Pods_vote_system_blockchain.framework */; };
/* End PBXBuildFile section */

/* Begin PBXFileReference section */
		6AC30C67DD12765FC0E1116E /* Pods-vote-system-blockchain.debug.xcconfig */ = {isa = PBXFileReference; includeInIndex = 1; lastKnownFileType = text.xcconfig; name = "Pods-vote-system-blockchain.debug.xcconfig"; path = "Pods/Target Support Files/Pods-vote-system-blockchain/Pods-vote-system-blockchain.debug.xcconfig"; sourceTree = "<group>"; };
		A9C0245214A3C12EAC691FD8 /* Pods_vote_system_blockchain.framework */ = {isa = PBXFileReference; explicitFileType = wrapper.framework; includeInIndex = 0; path = Pods_vote_system_blockchain.framework; sourceTree = BUILT_PRODUCTS_DIR; };
		D0744E8750537CFA7E8E1B13 /* Pods-vote-system-blockchain.release.xcconfig */ = {isa = PBXFileReference; includeInIndex = 1; lastKnownFileType = text.xcconfig; name = "Pods-vote-system-blockchain.release.xcconfig"; path = "Pods/Target Support Files/Pods-vote-system-blockchain/Pods-vote-system-blockchain.release.xcconfig"; sourceTree = "<group>"; };
		DD02674020FE9AA5004D5125 /* ChosenCandidateViewController.swift */ = {isa = PBXFileReference; lastKnownFileType = sourcecode.swift; path = ChosenCandidateViewController.swift; sourceTree = "<group>"; };
		DD02674320FFDD5B004D5125 /* SuccessfulVoteViewController.swift */ = {isa = PBXFileReference; lastKnownFileType = sourcecode.swift; path = SuccessfulVoteViewController.swift; sourceTree = "<group>"; };
		DD02674521016FEF004D5125 /* Extensions.swift */ = {isa = PBXFileReference; lastKnownFileType = sourcecode.swift; path = Extensions.swift; sourceTree = "<group>"; };
		DD0C725E20A75E23009F82EB /* LabelStyles.swift */ = {isa = PBXFileReference; lastKnownFileType = sourcecode.swift; path = LabelStyles.swift; sourceTree = "<group>"; };
		DD0C726020A75E4F009F82EB /* FontStyles.swift */ = {isa = PBXFileReference; lastKnownFileType = sourcecode.swift; path = FontStyles.swift; sourceTree = "<group>"; };
		DD3BC7C7212F55F100DB0DF0 /* FifthQuizViewController.swift */ = {isa = PBXFileReference; lastKnownFileType = sourcecode.swift; path = FifthQuizViewController.swift; sourceTree = "<group>"; };
		DD3BC7C9212F567D00DB0DF0 /* FifthQuizTableCell.swift */ = {isa = PBXFileReference; lastKnownFileType = sourcecode.swift; path = FifthQuizTableCell.swift; sourceTree = "<group>"; };
		DD3BC7CB212F581500DB0DF0 /* SixthQuizTableCell.swift */ = {isa = PBXFileReference; lastKnownFileType = sourcecode.swift; path = SixthQuizTableCell.swift; sourceTree = "<group>"; };
		DD3BC7CD212F582E00DB0DF0 /* SixthQuizViewController.swift */ = {isa = PBXFileReference; lastKnownFileType = sourcecode.swift; path = SixthQuizViewController.swift; sourceTree = "<group>"; };
		DD3BC7CF212F59C700DB0DF0 /* SeventhQuizViewController.swift */ = {isa = PBXFileReference; lastKnownFileType = sourcecode.swift; path = SeventhQuizViewController.swift; sourceTree = "<group>"; };
		DD3BC7D1212F5B1400DB0DF0 /* SeventhQuizCollectionCell.swift */ = {isa = PBXFileReference; lastKnownFileType = sourcecode.swift; path = SeventhQuizCollectionCell.swift; sourceTree = "<group>"; };
		DD3D028A2126283A002C2FE2 /* FirstQuizViewController.swift */ = {isa = PBXFileReference; lastKnownFileType = sourcecode.swift; path = FirstQuizViewController.swift; sourceTree = "<group>"; };
		DD40A4852125238400C135B2 /* ConfirmPassViewController.swift */ = {isa = PBXFileReference; lastKnownFileType = sourcecode.swift; path = ConfirmPassViewController.swift; sourceTree = "<group>"; };
		DD40A4882125279600C135B2 /* NameViewController.swift */ = {isa = PBXFileReference; lastKnownFileType = sourcecode.swift; path = NameViewController.swift; sourceTree = "<group>"; };
		DD66ECE0212614FF00BA8C99 /* QuizViewController.swift */ = {isa = PBXFileReference; lastKnownFileType = sourcecode.swift; path = QuizViewController.swift; sourceTree = "<group>"; };
		DD7BA1822105142900AA748D /* OnboardingController.swift */ = {isa = PBXFileReference; lastKnownFileType = sourcecode.swift; path = OnboardingController.swift; sourceTree = "<group>"; };
		DD7BA184210514F000AA748D /* TutorialViewController.swift */ = {isa = PBXFileReference; lastKnownFileType = sourcecode.swift; path = TutorialViewController.swift; sourceTree = "<group>"; };
		DD9C8C0E20F5839D00E5579D /* PrivateKeyViewController.swift */ = {isa = PBXFileReference; lastKnownFileType = sourcecode.swift; path = PrivateKeyViewController.swift; sourceTree = "<group>"; };
		DDB6FB0520A54DB300BFA276 /* BaseViewController.swift */ = {isa = PBXFileReference; lastKnownFileType = sourcecode.swift; path = BaseViewController.swift; sourceTree = "<group>"; };
		DDB87E6020E45AC3004207A3 /* User.swift */ = {isa = PBXFileReference; lastKnownFileType = sourcecode.swift; path = User.swift; sourceTree = "<group>"; };
		DDB87E6220E45BF3004207A3 /* Candidate.swift */ = {isa = PBXFileReference; lastKnownFileType = sourcecode.swift; path = Candidate.swift; sourceTree = "<group>"; };
		DDB87E6820E465D3004207A3 /* PasswordViewController.swift */ = {isa = PBXFileReference; lastKnownFileType = sourcecode.swift; path = PasswordViewController.swift; sourceTree = "<group>"; };
		DDB899A62133220F00578295 /* VoteTabBarController.swift */ = {isa = PBXFileReference; lastKnownFileType = sourcecode.swift; path = VoteTabBarController.swift; sourceTree = "<group>"; };
		DDC7D03E212D09060060D18A /* SecondQuizViewController.swift */ = {isa = PBXFileReference; lastKnownFileType = sourcecode.swift; path = SecondQuizViewController.swift; sourceTree = "<group>"; };
		DDC7D040212D0A4D0060D18A /* SecondQuizTableCell.swift */ = {isa = PBXFileReference; lastKnownFileType = sourcecode.swift; path = SecondQuizTableCell.swift; sourceTree = "<group>"; };
		DDC7D042212D0EC40060D18A /* ThirdQuizViewController.swift */ = {isa = PBXFileReference; lastKnownFileType = sourcecode.swift; path = ThirdQuizViewController.swift; sourceTree = "<group>"; };
		DDC7D044212D10160060D18A /* FourthQuizViewController.swift */ = {isa = PBXFileReference; lastKnownFileType = sourcecode.swift; path = FourthQuizViewController.swift; sourceTree = "<group>"; };
		DDD8718520F81383005D556D /* CandidatesViewController.swift */ = {isa = PBXFileReference; lastKnownFileType = sourcecode.swift; path = CandidatesViewController.swift; sourceTree = "<group>"; };
		DDD8718720F81411005D556D /* CandidatesTableCell.swift */ = {isa = PBXFileReference; lastKnownFileType = sourcecode.swift; path = CandidatesTableCell.swift; sourceTree = "<group>"; };
		DDD9EE79212F5D3100EDD433 /* BaseCollectionViewCell.swift */ = {isa = PBXFileReference; lastKnownFileType = sourcecode.swift; path = BaseCollectionViewCell.swift; sourceTree = "<group>"; };
		DDD9EE7B213199F800EDD433 /* ninthQuizViewController.swift */ = {isa = PBXFileReference; lastKnownFileType = sourcecode.swift; path = ninthQuizViewController.swift; sourceTree = "<group>"; };
		DDD9EE7D21319A2000EDD433 /* tenthQuizViewController.swift */ = {isa = PBXFileReference; lastKnownFileType = sourcecode.swift; path = tenthQuizViewController.swift; sourceTree = "<group>"; };
		DDD9EE7F21319A3F00EDD433 /* ninthQuizTableCell.swift */ = {isa = PBXFileReference; lastKnownFileType = sourcecode.swift; path = ninthQuizTableCell.swift; sourceTree = "<group>"; };
		DDD9EE8121319A6300EDD433 /* TenthQuizTableCell.swift */ = {isa = PBXFileReference; lastKnownFileType = sourcecode.swift; path = TenthQuizTableCell.swift; sourceTree = "<group>"; };
		DDD9EE8421319CDB00EDD433 /* HomeViewController.swift */ = {isa = PBXFileReference; lastKnownFileType = sourcecode.swift; path = HomeViewController.swift; sourceTree = "<group>"; };
		DDD9EE872131A37A00EDD433 /* NumberCandidateViewController.swift */ = {isa = PBXFileReference; lastKnownFileType = sourcecode.swift; path = NumberCandidateViewController.swift; sourceTree = "<group>"; };
		DDE903E020A549BE00EE3A54 /* vote-system-blockchain.app */ = {isa = PBXFileReference; explicitFileType = wrapper.application; includeInIndex = 0; path = "vote-system-blockchain.app"; sourceTree = BUILT_PRODUCTS_DIR; };
		DDE903E320A549BE00EE3A54 /* AppDelegate.swift */ = {isa = PBXFileReference; lastKnownFileType = sourcecode.swift; path = AppDelegate.swift; sourceTree = "<group>"; };
		DDE903E520A549BE00EE3A54 /* CpfViewController.swift */ = {isa = PBXFileReference; lastKnownFileType = sourcecode.swift; path = CpfViewController.swift; sourceTree = "<group>"; };
		DDE903E820A549BE00EE3A54 /* Base */ = {isa = PBXFileReference; lastKnownFileType = file.storyboard; name = Base; path = Base.lproj/Main.storyboard; sourceTree = "<group>"; };
		DDE903EA20A549C000EE3A54 /* Assets.xcassets */ = {isa = PBXFileReference; lastKnownFileType = folder.assetcatalog; path = Assets.xcassets; sourceTree = "<group>"; };
		DDE903ED20A549C000EE3A54 /* Base */ = {isa = PBXFileReference; lastKnownFileType = file.storyboard; name = Base; path = Base.lproj/LaunchScreen.storyboard; sourceTree = "<group>"; };
		DDE903EF20A549C000EE3A54 /* Info.plist */ = {isa = PBXFileReference; lastKnownFileType = text.plist.xml; path = Info.plist; sourceTree = "<group>"; };
		DDEE2AD0210E0E2200CF85A5 /* BaseTableViewCell.swift */ = {isa = PBXFileReference; fileEncoding = 4; lastKnownFileType = sourcecode.swift; path = BaseTableViewCell.swift; sourceTree = "<group>"; };
/* End PBXFileReference section */

/* Begin PBXFrameworksBuildPhase section */
		DDE903DD20A549BE00EE3A54 /* Frameworks */ = {
			isa = PBXFrameworksBuildPhase;
			buildActionMask = 2147483647;
			files = (
				EA8C1FFF8FBA9DB8AD39B3B8 /* Pods_vote_system_blockchain.framework in Frameworks */,
			);
			runOnlyForDeploymentPostprocessing = 0;
		};
/* End PBXFrameworksBuildPhase section */

/* Begin PBXGroup section */
		D3BC8B20CD06B46DAC5C6BB6 /* Pods */ = {
			isa = PBXGroup;
			children = (
				6AC30C67DD12765FC0E1116E /* Pods-vote-system-blockchain.debug.xcconfig */,
				D0744E8750537CFA7E8E1B13 /* Pods-vote-system-blockchain.release.xcconfig */,
			);
			name = Pods;
			sourceTree = "<group>";
		};
		DD02673F20FE9A82004D5125 /* Chosen Candidate */ = {
			isa = PBXGroup;
			children = (
				DD02674020FE9AA5004D5125 /* ChosenCandidateViewController.swift */,
			);
			path = "Chosen Candidate";
			sourceTree = "<group>";
		};
		DD02674220FFDD22004D5125 /* Vote Successful */ = {
			isa = PBXGroup;
			children = (
				DD02674320FFDD5B004D5125 /* SuccessfulVoteViewController.swift */,
			);
			path = "Vote Successful";
			sourceTree = "<group>";
		};
		DD40A484212522F300C135B2 /* ConfirmPassword */ = {
			isa = PBXGroup;
			children = (
				DD40A4852125238400C135B2 /* ConfirmPassViewController.swift */,
			);
			path = ConfirmPassword;
			sourceTree = "<group>";
		};
		DD40A4872125278400C135B2 /* Name */ = {
			isa = PBXGroup;
			children = (
				DD40A4882125279600C135B2 /* NameViewController.swift */,
			);
			path = Name;
			sourceTree = "<group>";
		};
		DD66ECDF2126148A00BA8C99 /* Quiz */ = {
			isa = PBXGroup;
			children = (
				DD66ECE0212614FF00BA8C99 /* QuizViewController.swift */,
				DD3D028A2126283A002C2FE2 /* FirstQuizViewController.swift */,
				DDC7D03E212D09060060D18A /* SecondQuizViewController.swift */,
				DDC7D040212D0A4D0060D18A /* SecondQuizTableCell.swift */,
				DDC7D042212D0EC40060D18A /* ThirdQuizViewController.swift */,
				DDC7D044212D10160060D18A /* FourthQuizViewController.swift */,
				DD3BC7C7212F55F100DB0DF0 /* FifthQuizViewController.swift */,
				DD3BC7C9212F567D00DB0DF0 /* FifthQuizTableCell.swift */,
				DD3BC7CD212F582E00DB0DF0 /* SixthQuizViewController.swift */,
				DD3BC7CB212F581500DB0DF0 /* SixthQuizTableCell.swift */,
				DD3BC7CF212F59C700DB0DF0 /* SeventhQuizViewController.swift */,
				DD3BC7D1212F5B1400DB0DF0 /* SeventhQuizCollectionCell.swift */,
				DDD9EE7B213199F800EDD433 /* ninthQuizViewController.swift */,
				DDD9EE7D21319A2000EDD433 /* tenthQuizViewController.swift */,
				DDD9EE7F21319A3F00EDD433 /* ninthQuizTableCell.swift */,
				DDD9EE8121319A6300EDD433 /* TenthQuizTableCell.swift */,
			);
			path = Quiz;
			sourceTree = "<group>";
		};
		DD7BA181210513E900AA748D /* Tutorial */ = {
			isa = PBXGroup;
			children = (
				DD7BA1822105142900AA748D /* OnboardingController.swift */,
				DD7BA184210514F000AA748D /* TutorialViewController.swift */,
			);
			path = Tutorial;
			sourceTree = "<group>";
		};
		DD9C8C0C20F5833300E5579D /* VoteFlow */ = {
			isa = PBXGroup;
			children = (
				DDD9EE862131A35900EDD433 /* NumberCandidate */,
				DD02674220FFDD22004D5125 /* Vote Successful */,
				DD02673F20FE9A82004D5125 /* Chosen Candidate */,
				DDD8718420F81368005D556D /* Candidates */,
				DD9C8C0D20F5834700E5579D /* PrivateKeyVote */,
			);
			path = VoteFlow;
			sourceTree = "<group>";
		};
		DD9C8C0D20F5834700E5579D /* PrivateKeyVote */ = {
			isa = PBXGroup;
			children = (
				DD9C8C0E20F5839D00E5579D /* PrivateKeyViewController.swift */,
			);
			path = PrivateKeyVote;
			sourceTree = "<group>";
		};
		DDB87E5F20E45A59004207A3 /* Models */ = {
			isa = PBXGroup;
			children = (
				DDB87E6020E45AC3004207A3 /* User.swift */,
				DDB87E6220E45BF3004207A3 /* Candidate.swift */,
			);
			path = Models;
			sourceTree = "<group>";
		};
		DDB87E6420E4604D004207A3 /* Scenes */ = {
			isa = PBXGroup;
			children = (
				DDD9EE8321319C0C00EDD433 /* Home */,
				DD66ECDF2126148A00BA8C99 /* Quiz */,
				DD7BA181210513E900AA748D /* Tutorial */,
				DDB87E6520E460B1004207A3 /* SignupFlow */,
				DD9C8C0C20F5833300E5579D /* VoteFlow */,
			);
			path = Scenes;
			sourceTree = "<group>";
		};
		DDB87E6520E460B1004207A3 /* SignupFlow */ = {
			isa = PBXGroup;
			children = (
				DD40A4872125278400C135B2 /* Name */,
				DDB87E6620E460EC004207A3 /* CPF */,
				DDB87E6720E465A2004207A3 /* Password */,
				DD40A484212522F300C135B2 /* ConfirmPassword */,
			);
			path = SignupFlow;
			sourceTree = "<group>";
		};
		DDB87E6620E460EC004207A3 /* CPF */ = {
			isa = PBXGroup;
			children = (
				DDE903E520A549BE00EE3A54 /* CpfViewController.swift */,
			);
			path = CPF;
			sourceTree = "<group>";
		};
		DDB87E6720E465A2004207A3 /* Password */ = {
			isa = PBXGroup;
			children = (
				DDB87E6820E465D3004207A3 /* PasswordViewController.swift */,
			);
			path = Password;
			sourceTree = "<group>";
		};
		DDD8718420F81368005D556D /* Candidates */ = {
			isa = PBXGroup;
			children = (
				DDD8718520F81383005D556D /* CandidatesViewController.swift */,
				DDD8718720F81411005D556D /* CandidatesTableCell.swift */,
			);
			path = Candidates;
			sourceTree = "<group>";
		};
		DDD9EE8321319C0C00EDD433 /* Home */ = {
			isa = PBXGroup;
			children = (
				DDD9EE8421319CDB00EDD433 /* HomeViewController.swift */,
			);
			path = Home;
			sourceTree = "<group>";
		};
		DDD9EE862131A35900EDD433 /* NumberCandidate */ = {
			isa = PBXGroup;
			children = (
				DDD9EE872131A37A00EDD433 /* NumberCandidateViewController.swift */,
			);
			path = NumberCandidate;
			sourceTree = "<group>";
		};
		DDE903D720A549BE00EE3A54 = {
			isa = PBXGroup;
			children = (
				DDE903E220A549BE00EE3A54 /* vote-system-blockchain */,
				DDE903E120A549BE00EE3A54 /* Products */,
				D3BC8B20CD06B46DAC5C6BB6 /* Pods */,
				F5F813C8D2C787EEBBAC05DB /* Frameworks */,
			);
			sourceTree = "<group>";
		};
		DDE903E120A549BE00EE3A54 /* Products */ = {
			isa = PBXGroup;
			children = (
				DDE903E020A549BE00EE3A54 /* vote-system-blockchain.app */,
			);
			name = Products;
			sourceTree = "<group>";
		};
		DDE903E220A549BE00EE3A54 /* vote-system-blockchain */ = {
			isa = PBXGroup;
			children = (
				DDB87E6420E4604D004207A3 /* Scenes */,
				DDB87E5F20E45A59004207A3 /* Models */,
				DDE903E320A549BE00EE3A54 /* AppDelegate.swift */,
				DDB899A62133220F00578295 /* VoteTabBarController.swift */,
				DDE903E720A549BE00EE3A54 /* Main.storyboard */,
				DDE903EA20A549C000EE3A54 /* Assets.xcassets */,
				DDE903EC20A549C000EE3A54 /* LaunchScreen.storyboard */,
				DDEE2AD0210E0E2200CF85A5 /* BaseTableViewCell.swift */,
				DDE903EF20A549C000EE3A54 /* Info.plist */,
				DDB6FB0520A54DB300BFA276 /* BaseViewController.swift */,
				DD0C725E20A75E23009F82EB /* LabelStyles.swift */,
				DD0C726020A75E4F009F82EB /* FontStyles.swift */,
				DD02674521016FEF004D5125 /* Extensions.swift */,
				DDD9EE79212F5D3100EDD433 /* BaseCollectionViewCell.swift */,
			);
			path = "vote-system-blockchain";
			sourceTree = "<group>";
		};
		F5F813C8D2C787EEBBAC05DB /* Frameworks */ = {
			isa = PBXGroup;
			children = (
				A9C0245214A3C12EAC691FD8 /* Pods_vote_system_blockchain.framework */,
			);
			name = Frameworks;
			sourceTree = "<group>";
		};
/* End PBXGroup section */

/* Begin PBXNativeTarget section */
		DDE903DF20A549BE00EE3A54 /* vote-system-blockchain */ = {
			isa = PBXNativeTarget;
			buildConfigurationList = DDE903F220A549C000EE3A54 /* Build configuration list for PBXNativeTarget "vote-system-blockchain" */;
			buildPhases = (
				2565CBAB7C5D3618AA2D9C9A /* [CP] Check Pods Manifest.lock */,
				DDE903DC20A549BE00EE3A54 /* Sources */,
				DDE903DD20A549BE00EE3A54 /* Frameworks */,
				DDE903DE20A549BE00EE3A54 /* Resources */,
				3FEC7D53471C616985136CBC /* [CP] Embed Pods Frameworks */,
			);
			buildRules = (
			);
			dependencies = (
			);
			name = "vote-system-blockchain";
			productName = "vote-system-blockchain";
			productReference = DDE903E020A549BE00EE3A54 /* vote-system-blockchain.app */;
			productType = "com.apple.product-type.application";
		};
/* End PBXNativeTarget section */

/* Begin PBXProject section */
		DDE903D820A549BE00EE3A54 /* Project object */ = {
			isa = PBXProject;
			attributes = {
				LastSwiftUpdateCheck = 0930;
				LastUpgradeCheck = 0930;
				ORGANIZATIONNAME = "Matheus Amancio Seixeiro";
				TargetAttributes = {
					DDE903DF20A549BE00EE3A54 = {
						CreatedOnToolsVersion = 9.3;
					};
				};
			};
			buildConfigurationList = DDE903DB20A549BE00EE3A54 /* Build configuration list for PBXProject "vote-system-blockchain" */;
			compatibilityVersion = "Xcode 9.3";
			developmentRegion = en;
			hasScannedForEncodings = 0;
			knownRegions = (
				en,
				Base,
			);
			mainGroup = DDE903D720A549BE00EE3A54;
			productRefGroup = DDE903E120A549BE00EE3A54 /* Products */;
			projectDirPath = "";
			projectRoot = "";
			targets = (
				DDE903DF20A549BE00EE3A54 /* vote-system-blockchain */,
			);
		};
/* End PBXProject section */

/* Begin PBXResourcesBuildPhase section */
		DDE903DE20A549BE00EE3A54 /* Resources */ = {
			isa = PBXResourcesBuildPhase;
			buildActionMask = 2147483647;
			files = (
				DDE903EE20A549C000EE3A54 /* LaunchScreen.storyboard in Resources */,
				DDE903EB20A549C000EE3A54 /* Assets.xcassets in Resources */,
				DDE903E920A549BE00EE3A54 /* Main.storyboard in Resources */,
			);
			runOnlyForDeploymentPostprocessing = 0;
		};
/* End PBXResourcesBuildPhase section */

/* Begin PBXShellScriptBuildPhase section */
		2565CBAB7C5D3618AA2D9C9A /* [CP] Check Pods Manifest.lock */ = {
			isa = PBXShellScriptBuildPhase;
			buildActionMask = 2147483647;
			files = (
			);
			inputPaths = (
				"${PODS_PODFILE_DIR_PATH}/Podfile.lock",
				"${PODS_ROOT}/Manifest.lock",
			);
			name = "[CP] Check Pods Manifest.lock";
			outputPaths = (
				"$(DERIVED_FILE_DIR)/Pods-vote-system-blockchain-checkManifestLockResult.txt",
			);
			runOnlyForDeploymentPostprocessing = 0;
			shellPath = /bin/sh;
			shellScript = "diff \"${PODS_PODFILE_DIR_PATH}/Podfile.lock\" \"${PODS_ROOT}/Manifest.lock\" > /dev/null\nif [ $? != 0 ] ; then\n    # print error to STDERR\n    echo \"error: The sandbox is not in sync with the Podfile.lock. Run 'pod install' or update your CocoaPods installation.\" >&2\n    exit 1\nfi\n# This output is used by Xcode 'outputs' to avoid re-running this script phase.\necho \"SUCCESS\" > \"${SCRIPT_OUTPUT_FILE_0}\"\n";
			showEnvVarsInLog = 0;
		};
		3FEC7D53471C616985136CBC /* [CP] Embed Pods Frameworks */ = {
			isa = PBXShellScriptBuildPhase;
			buildActionMask = 2147483647;
			files = (
			);
			inputPaths = (
				"${SRCROOT}/Pods/Target Support Files/Pods-vote-system-blockchain/Pods-vote-system-blockchain-frameworks.sh",
				"${BUILT_PRODUCTS_DIR}/SnapKit/SnapKit.framework",
			);
			name = "[CP] Embed Pods Frameworks";
			outputPaths = (
				"${TARGET_BUILD_DIR}/${FRAMEWORKS_FOLDER_PATH}/SnapKit.framework",
			);
			runOnlyForDeploymentPostprocessing = 0;
			shellPath = /bin/sh;
			shellScript = "\"${SRCROOT}/Pods/Target Support Files/Pods-vote-system-blockchain/Pods-vote-system-blockchain-frameworks.sh\"\n";
			showEnvVarsInLog = 0;
		};
/* End PBXShellScriptBuildPhase section */

/* Begin PBXSourcesBuildPhase section */
		DDE903DC20A549BE00EE3A54 /* Sources */ = {
			isa = PBXSourcesBuildPhase;
			buildActionMask = 2147483647;
			files = (
				DD40A4892125279600C135B2 /* NameViewController.swift in Sources */,
				DD3BC7CE212F582E00DB0DF0 /* SixthQuizViewController.swift in Sources */,
				DDD8718820F81411005D556D /* CandidatesTableCell.swift in Sources */,
				DDD9EE8521319CDB00EDD433 /* HomeViewController.swift in Sources */,
				DDC7D045212D10160060D18A /* FourthQuizViewController.swift in Sources */,
				DDD8718620F81383005D556D /* CandidatesViewController.swift in Sources */,
				DDD9EE8021319A3F00EDD433 /* ninthQuizTableCell.swift in Sources */,
				DD9C8C0F20F5839D00E5579D /* PrivateKeyViewController.swift in Sources */,
				DDC7D041212D0A4D0060D18A /* SecondQuizTableCell.swift in Sources */,
				DD0C725F20A75E23009F82EB /* LabelStyles.swift in Sources */,
				DD02674120FE9AA5004D5125 /* ChosenCandidateViewController.swift in Sources */,
				DDD9EE882131A37A00EDD433 /* NumberCandidateViewController.swift in Sources */,
				DD3BC7CC212F581500DB0DF0 /* SixthQuizTableCell.swift in Sources */,
				DDB899A72133220F00578295 /* VoteTabBarController.swift in Sources */,
				DDB87E6920E465D3004207A3 /* PasswordViewController.swift in Sources */,
				DD0C726120A75E4F009F82EB /* FontStyles.swift in Sources */,
				DDD9EE7E21319A2000EDD433 /* tenthQuizViewController.swift in Sources */,
				DD3D028B2126283A002C2FE2 /* FirstQuizViewController.swift in Sources */,
				DD02674420FFDD5B004D5125 /* SuccessfulVoteViewController.swift in Sources */,
				DD3BC7D0212F59C700DB0DF0 /* SeventhQuizViewController.swift in Sources */,
				DDC7D043212D0EC40060D18A /* ThirdQuizViewController.swift in Sources */,
				DDD9EE7C213199F800EDD433 /* ninthQuizViewController.swift in Sources */,
				DDB87E6120E45AC3004207A3 /* User.swift in Sources */,
				DDC7D03F212D09060060D18A /* SecondQuizViewController.swift in Sources */,
				DD02674621016FEF004D5125 /* Extensions.swift in Sources */,
				DD66ECE1212614FF00BA8C99 /* QuizViewController.swift in Sources */,
				DDE903E620A549BE00EE3A54 /* CpfViewController.swift in Sources */,
				DD3BC7CA212F567D00DB0DF0 /* FifthQuizTableCell.swift in Sources */,
				DD7BA1832105142900AA748D /* OnboardingController.swift in Sources */,
				DD3BC7C8212F55F200DB0DF0 /* FifthQuizViewController.swift in Sources */,
				DD3BC7D2212F5B1400DB0DF0 /* SeventhQuizCollectionCell.swift in Sources */,
				DDD9EE7A212F5D3100EDD433 /* BaseCollectionViewCell.swift in Sources */,
				DD40A4862125238400C135B2 /* ConfirmPassViewController.swift in Sources */,
				DDEE2AD1210E0E2200CF85A5 /* BaseTableViewCell.swift in Sources */,
				DD7BA185210514F000AA748D /* TutorialViewController.swift in Sources */,
				DDB87E6320E45BF3004207A3 /* Candidate.swift in Sources */,
				DDE903E420A549BE00EE3A54 /* AppDelegate.swift in Sources */,
				DDB6FB0620A54DB300BFA276 /* BaseViewController.swift in Sources */,
				DDD9EE8221319A6300EDD433 /* TenthQuizTableCell.swift in Sources */,
			);
			runOnlyForDeploymentPostprocessing = 0;
		};
/* End PBXSourcesBuildPhase section */

/* Begin PBXVariantGroup section */
		DDE903E720A549BE00EE3A54 /* Main.storyboard */ = {
			isa = PBXVariantGroup;
			children = (
				DDE903E820A549BE00EE3A54 /* Base */,
			);
			name = Main.storyboard;
			sourceTree = "<group>";
		};
		DDE903EC20A549C000EE3A54 /* LaunchScreen.storyboard */ = {
			isa = PBXVariantGroup;
			children = (
				DDE903ED20A549C000EE3A54 /* Base */,
			);
			name = LaunchScreen.storyboard;
			sourceTree = "<group>";
		};
/* End PBXVariantGroup section */

/* Begin XCBuildConfiguration section */
		DDE903F020A549C000EE3A54 /* Debug */ = {
			isa = XCBuildConfiguration;
			buildSettings = {
				ALWAYS_SEARCH_USER_PATHS = NO;
				CLANG_ANALYZER_NONNULL = YES;
				CLANG_ANALYZER_NUMBER_OBJECT_CONVERSION = YES_AGGRESSIVE;
				CLANG_CXX_LANGUAGE_STANDARD = "gnu++14";
				CLANG_CXX_LIBRARY = "libc++";
				CLANG_ENABLE_MODULES = YES;
				CLANG_ENABLE_OBJC_ARC = YES;
				CLANG_ENABLE_OBJC_WEAK = YES;
				CLANG_WARN_BLOCK_CAPTURE_AUTORELEASING = YES;
				CLANG_WARN_BOOL_CONVERSION = YES;
				CLANG_WARN_COMMA = YES;
				CLANG_WARN_CONSTANT_CONVERSION = YES;
				CLANG_WARN_DEPRECATED_OBJC_IMPLEMENTATIONS = YES;
				CLANG_WARN_DIRECT_OBJC_ISA_USAGE = YES_ERROR;
				CLANG_WARN_DOCUMENTATION_COMMENTS = YES;
				CLANG_WARN_EMPTY_BODY = YES;
				CLANG_WARN_ENUM_CONVERSION = YES;
				CLANG_WARN_INFINITE_RECURSION = YES;
				CLANG_WARN_INT_CONVERSION = YES;
				CLANG_WARN_NON_LITERAL_NULL_CONVERSION = YES;
				CLANG_WARN_OBJC_IMPLICIT_RETAIN_SELF = YES;
				CLANG_WARN_OBJC_LITERAL_CONVERSION = YES;
				CLANG_WARN_OBJC_ROOT_CLASS = YES_ERROR;
				CLANG_WARN_RANGE_LOOP_ANALYSIS = YES;
				CLANG_WARN_STRICT_PROTOTYPES = YES;
				CLANG_WARN_SUSPICIOUS_MOVE = YES;
				CLANG_WARN_UNGUARDED_AVAILABILITY = YES_AGGRESSIVE;
				CLANG_WARN_UNREACHABLE_CODE = YES;
				CLANG_WARN__DUPLICATE_METHOD_MATCH = YES;
				CODE_SIGN_IDENTITY = "iPhone Developer";
				COPY_PHASE_STRIP = NO;
				DEBUG_INFORMATION_FORMAT = dwarf;
				ENABLE_STRICT_OBJC_MSGSEND = YES;
				ENABLE_TESTABILITY = YES;
				GCC_C_LANGUAGE_STANDARD = gnu11;
				GCC_DYNAMIC_NO_PIC = NO;
				GCC_NO_COMMON_BLOCKS = YES;
				GCC_OPTIMIZATION_LEVEL = 0;
				GCC_PREPROCESSOR_DEFINITIONS = (
					"DEBUG=1",
					"$(inherited)",
				);
				GCC_WARN_64_TO_32_BIT_CONVERSION = YES;
				GCC_WARN_ABOUT_RETURN_TYPE = YES_ERROR;
				GCC_WARN_UNDECLARED_SELECTOR = YES;
				GCC_WARN_UNINITIALIZED_AUTOS = YES_AGGRESSIVE;
				GCC_WARN_UNUSED_FUNCTION = YES;
				GCC_WARN_UNUSED_VARIABLE = YES;
				IPHONEOS_DEPLOYMENT_TARGET = 11.3;
				MTL_ENABLE_DEBUG_INFO = YES;
				ONLY_ACTIVE_ARCH = YES;
				SDKROOT = iphoneos;
				SWIFT_ACTIVE_COMPILATION_CONDITIONS = DEBUG;
				SWIFT_OPTIMIZATION_LEVEL = "-Onone";
			};
			name = Debug;
		};
		DDE903F120A549C000EE3A54 /* Release */ = {
			isa = XCBuildConfiguration;
			buildSettings = {
				ALWAYS_SEARCH_USER_PATHS = NO;
				CLANG_ANALYZER_NONNULL = YES;
				CLANG_ANALYZER_NUMBER_OBJECT_CONVERSION = YES_AGGRESSIVE;
				CLANG_CXX_LANGUAGE_STANDARD = "gnu++14";
				CLANG_CXX_LIBRARY = "libc++";
				CLANG_ENABLE_MODULES = YES;
				CLANG_ENABLE_OBJC_ARC = YES;
				CLANG_ENABLE_OBJC_WEAK = YES;
				CLANG_WARN_BLOCK_CAPTURE_AUTORELEASING = YES;
				CLANG_WARN_BOOL_CONVERSION = YES;
				CLANG_WARN_COMMA = YES;
				CLANG_WARN_CONSTANT_CONVERSION = YES;
				CLANG_WARN_DEPRECATED_OBJC_IMPLEMENTATIONS = YES;
				CLANG_WARN_DIRECT_OBJC_ISA_USAGE = YES_ERROR;
				CLANG_WARN_DOCUMENTATION_COMMENTS = YES;
				CLANG_WARN_EMPTY_BODY = YES;
				CLANG_WARN_ENUM_CONVERSION = YES;
				CLANG_WARN_INFINITE_RECURSION = YES;
				CLANG_WARN_INT_CONVERSION = YES;
				CLANG_WARN_NON_LITERAL_NULL_CONVERSION = YES;
				CLANG_WARN_OBJC_IMPLICIT_RETAIN_SELF = YES;
				CLANG_WARN_OBJC_LITERAL_CONVERSION = YES;
				CLANG_WARN_OBJC_ROOT_CLASS = YES_ERROR;
				CLANG_WARN_RANGE_LOOP_ANALYSIS = YES;
				CLANG_WARN_STRICT_PROTOTYPES = YES;
				CLANG_WARN_SUSPICIOUS_MOVE = YES;
				CLANG_WARN_UNGUARDED_AVAILABILITY = YES_AGGRESSIVE;
				CLANG_WARN_UNREACHABLE_CODE = YES;
				CLANG_WARN__DUPLICATE_METHOD_MATCH = YES;
				CODE_SIGN_IDENTITY = "iPhone Developer";
				COPY_PHASE_STRIP = NO;
				DEBUG_INFORMATION_FORMAT = "dwarf-with-dsym";
				ENABLE_NS_ASSERTIONS = NO;
				ENABLE_STRICT_OBJC_MSGSEND = YES;
				GCC_C_LANGUAGE_STANDARD = gnu11;
				GCC_NO_COMMON_BLOCKS = YES;
				GCC_WARN_64_TO_32_BIT_CONVERSION = YES;
				GCC_WARN_ABOUT_RETURN_TYPE = YES_ERROR;
				GCC_WARN_UNDECLARED_SELECTOR = YES;
				GCC_WARN_UNINITIALIZED_AUTOS = YES_AGGRESSIVE;
				GCC_WARN_UNUSED_FUNCTION = YES;
				GCC_WARN_UNUSED_VARIABLE = YES;
				IPHONEOS_DEPLOYMENT_TARGET = 11.3;
				MTL_ENABLE_DEBUG_INFO = NO;
				SDKROOT = iphoneos;
				SWIFT_COMPILATION_MODE = wholemodule;
				SWIFT_OPTIMIZATION_LEVEL = "-O";
				VALIDATE_PRODUCT = YES;
			};
			name = Release;
		};
		DDE903F320A549C000EE3A54 /* Debug */ = {
			isa = XCBuildConfiguration;
			baseConfigurationReference = 6AC30C67DD12765FC0E1116E /* Pods-vote-system-blockchain.debug.xcconfig */;
			buildSettings = {
				ASSETCATALOG_COMPILER_APPICON_NAME = AppIcon;
				CODE_SIGN_STYLE = Automatic;
				DEVELOPMENT_TEAM = F2Q5YFHJHH;
				INFOPLIST_FILE = "vote-system-blockchain/Info.plist";
				LD_RUNPATH_SEARCH_PATHS = (
					"$(inherited)",
					"@executable_path/Frameworks",
				);
				PRODUCT_BUNDLE_IDENTIFIER = "Matheus-Amancio.vote-system-blockchain";
				PRODUCT_NAME = "$(TARGET_NAME)";
				SWIFT_VERSION = 4.0;
				TARGETED_DEVICE_FAMILY = "1,2";
			};
			name = Debug;
		};
		DDE903F420A549C000EE3A54 /* Release */ = {
			isa = XCBuildConfiguration;
			baseConfigurationReference = D0744E8750537CFA7E8E1B13 /* Pods-vote-system-blockchain.release.xcconfig */;
			buildSettings = {
				ASSETCATALOG_COMPILER_APPICON_NAME = AppIcon;
				CODE_SIGN_STYLE = Automatic;
				DEVELOPMENT_TEAM = F2Q5YFHJHH;
				INFOPLIST_FILE = "vote-system-blockchain/Info.plist";
				LD_RUNPATH_SEARCH_PATHS = (
					"$(inherited)",
					"@executable_path/Frameworks",
				);
				PRODUCT_BUNDLE_IDENTIFIER = "Matheus-Amancio.vote-system-blockchain";
				PRODUCT_NAME = "$(TARGET_NAME)";
				SWIFT_VERSION = 4.0;
				TARGETED_DEVICE_FAMILY = "1,2";
			};
			name = Release;
		};
/* End XCBuildConfiguration section */

/* Begin XCConfigurationList section */
		DDE903DB20A549BE00EE3A54 /* Build configuration list for PBXProject "vote-system-blockchain" */ = {
			isa = XCConfigurationList;
			buildConfigurations = (
				DDE903F020A549C000EE3A54 /* Debug */,
				DDE903F120A549C000EE3A54 /* Release */,
			);
			defaultConfigurationIsVisible = 0;
			defaultConfigurationName = Release;
		};
		DDE903F220A549C000EE3A54 /* Build configuration list for PBXNativeTarget "vote-system-blockchain" */ = {
			isa = XCConfigurationList;
			buildConfigurations = (
				DDE903F320A549C000EE3A54 /* Debug */,
				DDE903F420A549C000EE3A54 /* Release */,
			);
			defaultConfigurationIsVisible = 0;
			defaultConfigurationName = Release;
		};
/* End XCConfigurationList section */
	};
	rootObject = DDE903D820A549BE00EE3A54 /* Project object */;
}
